%{
  "elixir_script": {:hex, :elixir_script, "0.32.1", "c97e753faf1dd8bc93244fec93d7c88c3a7eef85e2bad7eb3e014ba3f1e06931", [:mix], [{:estree, "~> 2.6", [hex: :estree, repo: "hexpm", optional: false]}], "hexpm"},
  "estree": {:hex, :estree, "2.6.1", "0a17cc0e9e35315dc4fcd79d30a746b1f3e9ed654be6084ce882ab491165ae22", [], [], "hexpm"},
}
